
Microsoft Visual Studio Solution File, Format Version 12.00
# Visual Studio Version 16
VisualStudioVersion = 16.0.30711.63
MinimumVisualStudioVersion = 10.0.40219.1
Project("{8BC9CEB8-8B4A-11D0-8D11-00A0C91BC942}") = "Sleepers", "Sleepers\Sleepers.vcxproj", "{EAD19A7E-90F9-49AF-A45A-23DE5524C485}"
EndProject
Global
	GlobalSection(SolutionConfigurationPlatforms) = preSolution
		Debug|x64 = Debug|x64
		Debug|x86 = Debug|x86
		Release|x64 = Release|x64
		Release|x86 = Release|x86
	EndGlobalSection
	GlobalSection(ProjectConfigurationPlatforms) = postSolution
		{EAD19A7E-90F9-49AF-A45A-23DE5524C485}.Debug|x64.ActiveCfg = Debug|x64
		{EAD19A7E-90F9-49AF-A45A-23DE5524C485}.Debug|x64.Build.0 = Debug|x64
		{EAD19A7E-90F9-49AF-A45A-23DE5524C485}.Debug|x86.ActiveCfg = Debug|Win32
		{EAD19A7E-90F9-49AF-A45A-23DE5524C485}.Debug|x86.Build.0 = Debug|Win32
		{EAD19A7E-90F9-49AF-A45A-23DE5524C485}.Release|x64.ActiveCfg = Release|x64
		{EAD19A7E-90F9-49AF-A45A-23DE5524C485}.Release|x64.Build.0 = Release|x64
		{EAD19A7E-90F9-49AF-A45A-23DE5524C485}.Release|x86.ActiveCfg = Release|Win32
		{EAD19A7E-90F9-49AF-A45A-23DE5524C485}.Release|x86.Build.0 = Release|Win32
	EndGlobalSection
	GlobalSection(SolutionProperties) = preSolution
		HideSolutionNode = FALSE
	EndGlobalSection
	GlobalSection(ExtensibilityGlobals) = postSolution
		SolutionGuid = {B3861666-69A4-4C2C-B5CF-9CACA011D7DD}
	EndGlobalSection
EndGlobal
